{
  "version": 4,
  "terraform_version": "1.14.8",
  "serial": 46,
  "lineage": "a9229de4-8dbe-d5ea-4833-7dcdcbc16af1",
  "outputs": {},
  "resources": [
    {
      "mode": "managed",
      "type": "aws_dynamodb_table",
      "name": "terraform_lock",
      "provider": "provider[\"registry.terraform.io/hashicorp/aws\"]",
      "instances": [
        {
          "schema_version": 1,
          "attributes": {
            "arn": "arn:aws:dynamodb:ap-south-1:988303390712:table/modular-terraform-lock-table",
            "attribute": [
              {
                "name": "LockID",
                "type": "S"
              }
            ],
            "billing_mode": "PAY_PER_REQUEST",
            "deletion_protection_enabled": false,
            "global_secondary_index": [],
            "global_table_witness": [],
            "hash_key": "LockID",
            "id": "modular-terraform-lock-table",
            "import_table": [],
            "local_secondary_index": [],
            "name": "modular-terraform-lock-table",
            "on_demand_throughput": [],
            "point_in_time_recovery": [
              {
                "enabled": false,
                "recovery_period_in_days": 0
              }
            ],
            "range_key": null,
            "read_capacity": 0,
            "region": "ap-south-1",
            "replica": [],
            "restore_backup_arn": null,
            "restore_date_time": null,
            "restore_source_name": null,
            "restore_source_table_arn": null,
            "restore_to_latest_time": null,
            "server_side_encryption": [],
            "stream_arn": "",
            "stream_enabled": false,
            "stream_label": "",
            "stream_view_type": "",
            "table_class": "STANDARD",
            "tags": {
              "Name": "modular-terraform-lock-table"
            },
            "tags_all": {
              "Name": "modular-terraform-lock-table"
            },
            "timeouts": null,
            "ttl": [
              {
                "attribute_name": "",
                "enabled": false
              }
            ],
            "warm_throughput": [],
            "write_capacity": 0
          },
          "sensitive_attributes": [],
          "identity_schema_version": 0,
          "private": "eyJlMmJmYjczMC1lY2FhLTExZTYtOGY4OC0zNDM2M2JjN2M0YzAiOnsiY3JlYXRlIjoxODAwMDAwMDAwMDAwLCJkZWxldGUiOjYwMDAwMDAwMDAwMCwidXBkYXRlIjozNjAwMDAwMDAwMDAwfSwic2NoZW1hX3ZlcnNpb24iOiIxIn0="
        }
      ]
    },
    {
      "module": "module.dev-infra",
      "mode": "data",
      "type": "aws_caller_identity",
      "name": "current",
      "provider": "provider[\"registry.terraform.io/hashicorp/aws\"]",
      "instances": [
        {
          "schema_version": 0,
          "attributes": {
            "account_id": "988303390712",
            "arn": "arn:aws:iam::988303390712:user/TerraAdmin",
            "id": "988303390712",
            "user_id": "AIDA6MG3Y674GBPBMX3NF"
          },
          "sensitive_attributes": [],
          "identity_schema_version": 0
        }
      ]
    },
    {
      "module": "module.dev-infra",
      "mode": "managed",
      "type": "aws_default_vpc",
      "name": "default-vpc",
      "provider": "provider[\"registry.terraform.io/hashicorp/aws\"]",
      "instances": [
        {
          "schema_version": 1,
          "attributes": {
            "arn": "arn:aws:ec2:ap-south-1:988303390712:vpc/vpc-0f658da3a4aee0864",
            "assign_generated_ipv6_cidr_block": false,
            "cidr_block": "172.31.0.0/16",
            "default_network_acl_id": "acl-0ccb5bc2929133866",
            "default_route_table_id": "rtb-01ceaeabdaa31039d",
            "default_security_group_id": "sg-0b4bb285a7973c7d4",
            "dhcp_options_id": "dopt-0a3ecc657629d9dd6",
            "enable_dns_hostnames": true,
            "enable_dns_support": true,
            "enable_network_address_usage_metrics": false,
            "existing_default_vpc": true,
            "force_destroy": false,
            "id": "vpc-0f658da3a4aee0864",
            "instance_tenancy": "default",
            "ipv6_association_id": "",
            "ipv6_cidr_block": "",
            "ipv6_cidr_block_network_border_group": "",
            "ipv6_ipam_pool_id": "",
            "ipv6_netmask_length": 0,
            "main_route_table_id": "rtb-01ceaeabdaa31039d",
            "owner_id": "988303390712",
            "region": "ap-south-1",
            "tags": {},
            "tags_all": {}
          },
          "sensitive_attributes": [],
          "identity_schema_version": 0,
          "private": "eyJzY2hlbWFfdmVyc2lvbiI6IjEifQ=="
        }
      ]
    },
    {
      "module": "module.dev-infra",
      "mode": "managed",
      "type": "aws_instance",
      "name": "my_instance",
      "provider": "provider[\"registry.terraform.io/hashicorp/aws\"]",
      "instances": [
        {
          "index_key": 0,
          "schema_version": 2,
          "attributes": {
            "ami": "ami-045443a70fafb8bbc",
            "arn": "arn:aws:ec2:ap-south-1:988303390712:instance/i-0d3d5d55ef397327d",
            "associate_public_ip_address": true,
            "availability_zone": "ap-south-1b",
            "capacity_reservation_specification": [
              {
                "capacity_reservation_preference": "open",
                "capacity_reservation_target": []
              }
            ],
            "cpu_options": [
              {
                "amd_sev_snp": "",
                "core_count": 1,
                "nested_virtualization": "",
                "threads_per_core": 2
              }
            ],
            "credit_specification": [
              {
                "cpu_credits": "unlimited"
              }
            ],
            "disable_api_stop": false,
            "disable_api_termination": false,
            "ebs_block_device": [],
            "ebs_optimized": false,
            "enable_primary_ipv6": null,
            "enclave_options": [
              {
                "enabled": false
              }
            ],
            "ephemeral_block_device": [],
            "force_destroy": false,
            "get_password_data": false,
            "hibernation": false,
            "host_id": "",
            "host_resource_group_arn": null,
            "iam_instance_profile": "",
            "id": "i-0d3d5d55ef397327d",
            "instance_initiated_shutdown_behavior": "stop",
            "instance_lifecycle": "",
            "instance_market_options": [],
            "instance_state": "running",
            "instance_type": "t3.micro",
            "ipv6_address_count": 0,
            "ipv6_addresses": [],
            "key_name": "modular-dev-Terraform-Key",
            "launch_template": [],
            "maintenance_options": [
              {
                "auto_recovery": "default"
              }
            ],
            "metadata_options": [
              {
                "http_endpoint": "enabled",
                "http_protocol_ipv6": "disabled",
                "http_put_response_hop_limit": 2,
                "http_tokens": "required",
                "instance_metadata_tags": "disabled"
              }
            ],
            "monitoring": false,
            "network_interface": [],
            "outpost_arn": "",
            "password_data": "",
            "placement_group": "",
            "placement_group_id": "",
            "placement_partition_number": 0,
            "primary_network_interface": [
              {
                "delete_on_termination": true,
                "network_interface_id": "eni-0234efe4f9592f58e"
              }
            ],
            "primary_network_interface_id": "eni-0234efe4f9592f58e",
            "private_dns": "ip-172-31-1-73.ap-south-1.compute.internal",
            "private_dns_name_options": [
              {
                "enable_resource_name_dns_a_record": false,
                "enable_resource_name_dns_aaaa_record": false,
                "hostname_type": "ip-name"
              }
            ],
            "private_ip": "172.31.1.73",
            "public_dns": "ec2-13-201-167-29.ap-south-1.compute.amazonaws.com",
            "public_ip": "13.201.167.29",
            "region": "ap-south-1",
            "root_block_device": [
              {
                "delete_on_termination": true,
                "device_name": "/dev/xvda",
                "encrypted": false,
                "iops": 3000,
                "kms_key_id": "",
                "tags": {},
                "tags_all": {},
                "throughput": 125,
                "volume_id": "vol-00d9c57dae1021b9e",
                "volume_size": 15,
                "volume_type": "gp3"
              }
            ],
            "secondary_network_interface": [],
            "secondary_private_ips": [],
            "security_groups": [
              "modular-dev-Terra_security_grp"
            ],
            "source_dest_check": true,
            "spot_instance_request_id": "",
            "subnet_id": "subnet-0c82e4eedeb3be62a",
            "tags": {
              "Environment": "dev",
              "Name": "modular-dev-Terra-Created-Instance"
            },
            "tags_all": {
              "Environment": "dev",
              "Name": "modular-dev-Terra-Created-Instance"
            },
            "tenancy": "default",
            "timeouts": null,
            "user_data": "#!/bin/bash\r\n# Update and install Nginx\r\nsudo apt-get update -y\r\nsudo apt-get install nginx -y\r\n\r\n# Start and enable the service\r\nsudo systemctl start nginx\r\nsudo systemctl enable nginx\r\n\r\n# Fix: Use echo to pipe the string into the file\r\necho \"\u003ch1\u003e This is Nginx installed by Terraform \u003c/h1\u003e\" | sudo tee /var/www/html/index.htmil\r\n",
            "user_data_base64": null,
            "user_data_replace_on_change": false,
            "volume_tags": null,
            "vpc_security_group_ids": [
              "sg-0255c863fe3ce4741"
            ]
          },
          "sensitive_attributes": [],
          "identity_schema_version": 0,
          "identity": {
            "account_id": "988303390712",
            "id": "i-0d3d5d55ef397327d",
            "region": "ap-south-1"
          },
          "private": "eyJlMmJmYjczMC1lY2FhLTExZTYtOGY4OC0zNDM2M2JjN2M0YzAiOnsiY3JlYXRlIjo2MDAwMDAwMDAwMDAsImRlbGV0ZSI6MTIwMDAwMDAwMDAwMCwicmVhZCI6OTAwMDAwMDAwMDAwLCJ1cGRhdGUiOjYwMDAwMDAwMDAwMH0sInNjaGVtYV92ZXJzaW9uIjoiMiJ9",
          "dependencies": [
            "module.dev-infra.aws_default_vpc.default-vpc",
            "module.dev-infra.aws_key_pair.aws-key",
            "module.dev-infra.aws_security_group.my-security-grp"
          ]
        }
      ]
    },
    {
      "module": "module.dev-infra",
      "mode": "managed",
      "type": "aws_key_pair",
      "name": "aws-key",
      "provider": "provider[\"registry.terraform.io/hashicorp/aws\"]",
      "instances": [
        {
          "schema_version": 1,
          "attributes": {
            "arn": "arn:aws:ec2:ap-south-1:988303390712:key-pair/modular-dev-Terraform-Key",
            "fingerprint": "3b:b4:1a:6e:72:07:a1:e8:94:7c:94:d9:43:70:3b:b0",
            "id": "modular-dev-Terraform-Key",
            "key_name": "modular-dev-Terraform-Key",
            "key_name_prefix": "",
            "key_pair_id": "key-0fe247debc873305c",
            "key_type": "rsa",
            "public_key": "ssh-rsa AAAAB3NzaC1yc2EAAAADAQABAAACAQCszJV2GTZcWHfxS1TNyH2qWpZ9cjXgeBcentLGZ35faakLwpE5cbnb2Rq0S5/yOrF6CaHk3AUtBuFLHbMqQKPXc9Jxf9uAL6kUn/6wdi0A/gnYOefxEe0da9JUokuF9v9bvfmMfDk3mJACPaFc2t85V7uNq6urjJOE4l4PQyJ8I7yMkTGYXtJNN8hyB1/gnFDbYwLv3IZCC1lyOWvChD0UaOkMBa4tbyv4cy7IwMSeKgs2jo9ONXzCBmOOG+JQOGUPcpQrtPVIxhGv8+ZkhJVO4C+XPZXukJ1A5vZ1+bWWbmZq+NRWygTtgFqWDlFYHexKBvdTDGs5QgixTpjFJ8W7tyfjuumZ9xnXRItCJNAPBdBsBbklLNWo2qR8MTsRkviJ0Aa5Qvt21JqDAXBP9/BNYBmvSkJuto9B2CYvdWssiKRX/GaBXshc05rmuOv0NN5RcO313n8DJQ4weLwP4GkgtKc8HwOB3yaB1WVDTF2rE8Sl6Az5OUJID2zZqqe3NW8e87sQFrAz9VZ3XsZ7kwp9elop6gVePPIw/fZOttV7EYBapc9Rpyqh4WihtABuBjAPyaS4X37ZjvqWoFL74H6NeUvUnaeZuXnzn4rTrrnOxct2CmheMGztFcoGVShf5AkQmX7bfzw/j5sgw5N61nHreZR7J+U0K62wA1jCteQxxQ== lenovo@DESKTOP-8P2ETOM",
            "region": "ap-south-1",
            "tags": {
              "Environment": "dev",
              "Name": "modular-dev-Terraform-Key"
            },
            "tags_all": {
              "Environment": "dev",
              "Name": "modular-dev-Terraform-Key"
            }
          },
          "sensitive_attributes": [],
          "identity_schema_version": 0,
          "private": "eyJzY2hlbWFfdmVyc2lvbiI6IjEifQ=="
        }
      ]
    },
    {
      "module": "module.dev-infra",
      "mode": "managed",
      "type": "aws_s3_bucket",
      "name": "my_bucket",
      "provider": "provider[\"registry.terraform.io/hashicorp/aws\"]",
      "instances": [
        {
          "schema_version": 0,
          "attributes": {
            "acceleration_status": "",
            "acl": null,
            "arn": "arn:aws:s3:::dev-988303390712-terraform-bucket",
            "bucket": "dev-988303390712-terraform-bucket",
            "bucket_domain_name": "dev-988303390712-terraform-bucket.s3.amazonaws.com",
            "bucket_namespace": "global",
            "bucket_prefix": "",
            "bucket_region": "ap-south-1",
            "bucket_regional_domain_name": "dev-988303390712-terraform-bucket.s3.ap-south-1.amazonaws.com",
            "cors_rule": [],
            "force_destroy": false,
            "grant": [
              {
                "id": "610d9decfac395bd79996e605b0177b2d3e4b9b9987e80cdc8e33e7cc4d711f2",
                "permissions": [
                  "FULL_CONTROL"
                ],
                "type": "CanonicalUser",
                "uri": ""
              }
            ],
            "hosted_zone_id": "Z11RGJOFQNVJUP",
            "id": "dev-988303390712-terraform-bucket",
            "lifecycle_rule": [],
            "logging": [],
            "object_lock_configuration": [],
            "object_lock_enabled": false,
            "policy": "",
            "region": "ap-south-1",
            "replication_configuration": [],
            "request_payer": "BucketOwner",
            "server_side_encryption_configuration": [
              {
                "rule": [
                  {
                    "apply_server_side_encryption_by_default": [
                      {
                        "kms_master_key_id": "",
                        "sse_algorithm": "AES256"
                      }
                    ],
                    "bucket_key_enabled": false
                  }
                ]
              }
            ],
            "tags": {
              "Environment": "dev",
              "bucket": "dev-dev-terraform-bucket"
            },
            "tags_all": {
              "Environment": "dev",
              "bucket": "dev-dev-terraform-bucket"
            },
            "timeouts": null,
            "versioning": [
              {
                "enabled": false,
                "mfa_delete": false
              }
            ],
            "website": [],
            "website_domain": null,
            "website_endpoint": null
          },
          "sensitive_attributes": [],
          "identity_schema_version": 0,
          "identity": {
            "account_id": "988303390712",
            "bucket": "dev-988303390712-terraform-bucket",
            "region": "ap-south-1"
          },
          "private": "eyJlMmJmYjczMC1lY2FhLTExZTYtOGY4OC0zNDM2M2JjN2M0YzAiOnsiY3JlYXRlIjoxMjAwMDAwMDAwMDAwLCJkZWxldGUiOjM2MDAwMDAwMDAwMDAsInJlYWQiOjEyMDAwMDAwMDAwMDAsInVwZGF0ZSI6MTIwMDAwMDAwMDAwMH19",
          "dependencies": [
            "module.dev-infra.data.aws_caller_identity.current"
          ]
        }
      ]
    },
    {
      "module": "module.dev-infra",
      "mode": "managed",
      "type": "aws_security_group",
      "name": "my-security-grp",
      "provider": "provider[\"registry.terraform.io/hashicorp/aws\"]",
      "instances": [
        {
          "schema_version": 1,
          "attributes": {
            "arn": "arn:aws:ec2:ap-south-1:988303390712:security-group/sg-0255c863fe3ce4741",
            "description": "This is Auto-Generated security group",
            "egress": [
              {
                "cidr_blocks": [
                  "0.0.0.0/0"
                ],
                "description": "",
                "from_port": 0,
                "ipv6_cidr_blocks": [],
                "prefix_list_ids": [],
                "protocol": "-1",
                "security_groups": [],
                "self": false,
                "to_port": 0
              }
            ],
            "id": "sg-0255c863fe3ce4741",
            "ingress": [
              {
                "cidr_blocks": [
                  "0.0.0.0/0"
                ],
                "description": "This is Extra Port.",
                "from_port": 8000,
                "ipv6_cidr_blocks": [],
                "prefix_list_ids": [],
                "protocol": "tcp",
                "security_groups": [],
                "self": false,
                "to_port": 8000
              },
              {
                "cidr_blocks": [
                  "0.0.0.0/0"
                ],
                "description": "This is HTTP Port.",
                "from_port": 80,
                "ipv6_cidr_blocks": [],
                "prefix_list_ids": [],
                "protocol": "tcp",
                "security_groups": [],
                "self": false,
                "to_port": 80
              },
              {
                "cidr_blocks": [
                  "0.0.0.0/0"
                ],
                "description": "This is SSh Port.",
                "from_port": 22,
                "ipv6_cidr_blocks": [],
                "prefix_list_ids": [],
                "protocol": "tcp",
                "security_groups": [],
                "self": false,
                "to_port": 22
              }
            ],
            "name": "modular-dev-Terra_security_grp",
            "name_prefix": "",
            "owner_id": "988303390712",
            "region": "ap-south-1",
            "revoke_rules_on_delete": false,
            "tags": {
              "Environment": "dev",
              "Name": "modular-dev-Terra_security_grp"
            },
            "tags_all": {
              "Environment": "dev",
              "Name": "modular-dev-Terra_security_grp"
            },
            "timeouts": null,
            "vpc_id": "vpc-0f658da3a4aee0864"
          },
          "sensitive_attributes": [],
          "identity_schema_version": 0,
          "identity": {
            "account_id": "988303390712",
            "id": "sg-0255c863fe3ce4741",
            "region": "ap-south-1"
          },
          "private": "eyJlMmJmYjczMC1lY2FhLTExZTYtOGY4OC0zNDM2M2JjN2M0YzAiOnsiY3JlYXRlIjo2MDAwMDAwMDAwMDAsImRlbGV0ZSI6OTAwMDAwMDAwMDAwfSwic2NoZW1hX3ZlcnNpb24iOiIxIn0=",
          "dependencies": [
            "module.dev-infra.aws_default_vpc.default-vpc"
          ]
        }
      ]
    },
    {
      "module": "module.prod-infra",
      "mode": "data",
      "type": "aws_caller_identity",
      "name": "current",
      "provider": "provider[\"registry.terraform.io/hashicorp/aws\"]",
      "instances": [
        {
          "schema_version": 0,
          "attributes": {
            "account_id": "988303390712",
            "arn": "arn:aws:iam::988303390712:user/TerraAdmin",
            "id": "988303390712",
            "user_id": "AIDA6MG3Y674GBPBMX3NF"
          },
          "sensitive_attributes": [],
          "identity_schema_version": 0
        }
      ]
    },
    {
      "module": "module.prod-infra",
      "mode": "managed",
      "type": "aws_default_vpc",
      "name": "default-vpc",
      "provider": "provider[\"registry.terraform.io/hashicorp/aws\"]",
      "instances": [
        {
          "schema_version": 1,
          "attributes": {
            "arn": "arn:aws:ec2:ap-south-1:988303390712:vpc/vpc-0f658da3a4aee0864",
            "assign_generated_ipv6_cidr_block": false,
            "cidr_block": "172.31.0.0/16",
            "default_network_acl_id": "acl-0ccb5bc2929133866",
            "default_route_table_id": "rtb-01ceaeabdaa31039d",
            "default_security_group_id": "sg-0b4bb285a7973c7d4",
            "dhcp_options_id": "dopt-0a3ecc657629d9dd6",
            "enable_dns_hostnames": true,
            "enable_dns_support": true,
            "enable_network_address_usage_metrics": false,
            "existing_default_vpc": true,
            "force_destroy": false,
            "id": "vpc-0f658da3a4aee0864",
            "instance_tenancy": "default",
            "ipv6_association_id": "",
            "ipv6_cidr_block": "",
            "ipv6_cidr_block_network_border_group": "",
            "ipv6_ipam_pool_id": "",
            "ipv6_netmask_length": 0,
            "main_route_table_id": "rtb-01ceaeabdaa31039d",
            "owner_id": "988303390712",
            "region": "ap-south-1",
            "tags": {},
            "tags_all": {}
          },
          "sensitive_attributes": [],
          "identity_schema_version": 0,
          "private": "eyJzY2hlbWFfdmVyc2lvbiI6IjEifQ=="
        }
      ]
    },
    {
      "module": "module.prod-infra",
      "mode": "managed",
      "type": "aws_instance",
      "name": "my_instance",
      "provider": "provider[\"registry.terraform.io/hashicorp/aws\"]",
      "instances": [
        {
          "index_key": 0,
          "schema_version": 2,
          "attributes": {
            "ami": "ami-045443a70fafb8bbc",
            "arn": "arn:aws:ec2:ap-south-1:988303390712:instance/i-0493b446cae648c8c",
            "associate_public_ip_address": true,
            "availability_zone": "ap-south-1b",
            "capacity_reservation_specification": [
              {
                "capacity_reservation_preference": "open",
                "capacity_reservation_target": []
              }
            ],
            "cpu_options": [
              {
                "amd_sev_snp": "",
                "core_count": 1,
                "nested_virtualization": "",
                "threads_per_core": 2
              }
            ],
            "credit_specification": [
              {
                "cpu_credits": "unlimited"
              }
            ],
            "disable_api_stop": false,
            "disable_api_termination": false,
            "ebs_block_device": [],
            "ebs_optimized": false,
            "enable_primary_ipv6": null,
            "enclave_options": [
              {
                "enabled": false
              }
            ],
            "ephemeral_block_device": [],
            "force_destroy": false,
            "get_password_data": false,
            "hibernation": false,
            "host_id": "",
            "host_resource_group_arn": null,
            "iam_instance_profile": "",
            "id": "i-0493b446cae648c8c",
            "instance_initiated_shutdown_behavior": "stop",
            "instance_lifecycle": "",
            "instance_market_options": [],
            "instance_state": "running",
            "instance_type": "t3.micro",
            "ipv6_address_count": 0,
            "ipv6_addresses": [],
            "key_name": "modular-prod-Terraform-Key",
            "launch_template": [],
            "maintenance_options": [
              {
                "auto_recovery": "default"
              }
            ],
            "metadata_options": [
              {
                "http_endpoint": "enabled",
                "http_protocol_ipv6": "disabled",
                "http_put_response_hop_limit": 2,
                "http_tokens": "required",
                "instance_metadata_tags": "disabled"
              }
            ],
            "monitoring": false,
            "network_interface": [],
            "outpost_arn": "",
            "password_data": "",
            "placement_group": "",
            "placement_group_id": "",
            "placement_partition_number": 0,
            "primary_network_interface": [
              {
                "delete_on_termination": true,
                "network_interface_id": "eni-075c845e05b874696"
              }
            ],
            "primary_network_interface_id": "eni-075c845e05b874696",
            "private_dns": "ip-172-31-6-57.ap-south-1.compute.internal",
            "private_dns_name_options": [
              {
                "enable_resource_name_dns_a_record": false,
                "enable_resource_name_dns_aaaa_record": false,
                "hostname_type": "ip-name"
              }
            ],
            "private_ip": "172.31.6.57",
            "public_dns": "ec2-35-154-110-129.ap-south-1.compute.amazonaws.com",
            "public_ip": "35.154.110.129",
            "region": "ap-south-1",
            "root_block_device": [
              {
                "delete_on_termination": true,
                "device_name": "/dev/xvda",
                "encrypted": false,
                "iops": 3000,
                "kms_key_id": "",
                "tags": {},
                "tags_all": {},
                "throughput": 125,
                "volume_id": "vol-0be4b3c9e524ea7da",
                "volume_size": 20,
                "volume_type": "gp3"
              }
            ],
            "secondary_network_interface": [],
            "secondary_private_ips": [],
            "security_groups": [
              "modular-prod-Terra_security_grp"
            ],
            "source_dest_check": true,
            "spot_instance_request_id": "",
            "subnet_id": "subnet-0c82e4eedeb3be62a",
            "tags": {
              "Environment": "prod",
              "Name": "modular-prod-Terra-Created-Instance"
            },
            "tags_all": {
              "Environment": "prod",
              "Name": "modular-prod-Terra-Created-Instance"
            },
            "tenancy": "default",
            "timeouts": null,
            "user_data": "#!/bin/bash\r\n# Update and install Nginx\r\nsudo apt-get update -y\r\nsudo apt-get install nginx -y\r\n\r\n# Start and enable the service\r\nsudo systemctl start nginx\r\nsudo systemctl enable nginx\r\n\r\n# Fix: Use echo to pipe the string into the file\r\necho \"\u003ch1\u003e This is Nginx installed by Terraform \u003c/h1\u003e\" | sudo tee /var/www/html/index.htmil\r\n",
            "user_data_base64": null,
            "user_data_replace_on_change": false,
            "volume_tags": null,
            "vpc_security_group_ids": [
              "sg-0c765d697d67858c1"
            ]
          },
          "sensitive_attributes": [],
          "identity_schema_version": 0,
          "identity": {
            "account_id": "988303390712",
            "id": "i-0493b446cae648c8c",
            "region": "ap-south-1"
          },
          "private": "eyJlMmJmYjczMC1lY2FhLTExZTYtOGY4OC0zNDM2M2JjN2M0YzAiOnsiY3JlYXRlIjo2MDAwMDAwMDAwMDAsImRlbGV0ZSI6MTIwMDAwMDAwMDAwMCwicmVhZCI6OTAwMDAwMDAwMDAwLCJ1cGRhdGUiOjYwMDAwMDAwMDAwMH0sInNjaGVtYV92ZXJzaW9uIjoiMiJ9",
          "dependencies": [
            "module.prod-infra.aws_default_vpc.default-vpc",
            "module.prod-infra.aws_key_pair.aws-key",
            "module.prod-infra.aws_security_group.my-security-grp"
          ]
        },
        {
          "index_key": 1,
          "schema_version": 2,
          "attributes": {
            "ami": "ami-045443a70fafb8bbc",
            "arn": "arn:aws:ec2:ap-south-1:988303390712:instance/i-0a59a30684e68ba6a",
            "associate_public_ip_address": true,
            "availability_zone": "ap-south-1b",
            "capacity_reservation_specification": [
              {
                "capacity_reservation_preference": "open",
                "capacity_reservation_target": []
              }
            ],
            "cpu_options": [
              {
                "amd_sev_snp": "",
                "core_count": 1,
                "nested_virtualization": "",
                "threads_per_core": 2
              }
            ],
            "credit_specification": [
              {
                "cpu_credits": "unlimited"
              }
            ],
            "disable_api_stop": false,
            "disable_api_termination": false,
            "ebs_block_device": [],
            "ebs_optimized": false,
            "enable_primary_ipv6": null,
            "enclave_options": [
              {
                "enabled": false
              }
            ],
            "ephemeral_block_device": [],
            "force_destroy": false,
            "get_password_data": false,
            "hibernation": false,
            "host_id": "",
            "host_resource_group_arn": null,
            "iam_instance_profile": "",
            "id": "i-0a59a30684e68ba6a",
            "instance_initiated_shutdown_behavior": "stop",
            "instance_lifecycle": "",
            "instance_market_options": [],
            "instance_state": "running",
            "instance_type": "t3.micro",
            "ipv6_address_count": 0,
            "ipv6_addresses": [],
            "key_name": "modular-prod-Terraform-Key",
            "launch_template": [],
            "maintenance_options": [
              {
                "auto_recovery": "default"
              }
            ],
            "metadata_options": [
              {
                "http_endpoint": "enabled",
                "http_protocol_ipv6": "disabled",
                "http_put_response_hop_limit": 2,
                "http_tokens": "required",
                "instance_metadata_tags": "disabled"
              }
            ],
            "monitoring": false,
            "network_interface": [],
            "outpost_arn": "",
            "password_data": "",
            "placement_group": "",
            "placement_group_id": "",
            "placement_partition_number": 0,
            "primary_network_interface": [
              {
                "delete_on_termination": true,
                "network_interface_id": "eni-009959be819eb4fa8"
              }
            ],
            "primary_network_interface_id": "eni-009959be819eb4fa8",
            "private_dns": "ip-172-31-0-123.ap-south-1.compute.internal",
            "private_dns_name_options": [
              {
                "enable_resource_name_dns_a_record": false,
                "enable_resource_name_dns_aaaa_record": false,
                "hostname_type": "ip-name"
              }
            ],
            "private_ip": "172.31.0.123",
            "public_dns": "ec2-13-201-168-125.ap-south-1.compute.amazonaws.com",
            "public_ip": "13.201.168.125",
            "region": "ap-south-1",
            "root_block_device": [
              {
                "delete_on_termination": true,
                "device_name": "/dev/xvda",
                "encrypted": false,
                "iops": 3000,
                "kms_key_id": "",
                "tags": {},
                "tags_all": {},
                "throughput": 125,
                "volume_id": "vol-0cee0dd9c2474da4d",
                "volume_size": 20,
                "volume_type": "gp3"
              }
            ],
            "secondary_network_interface": [],
            "secondary_private_ips": [],
            "security_groups": [
              "modular-prod-Terra_security_grp"
            ],
            "source_dest_check": true,
            "spot_instance_request_id": "",
            "subnet_id": "subnet-0c82e4eedeb3be62a",
            "tags": {
              "Environment": "prod",
              "Name": "modular-prod-Terra-Created-Instance"
            },
            "tags_all": {
              "Environment": "prod",
              "Name": "modular-prod-Terra-Created-Instance"
            },
            "tenancy": "default",
            "timeouts": null,
            "user_data": "#!/bin/bash\r\n# Update and install Nginx\r\nsudo apt-get update -y\r\nsudo apt-get install nginx -y\r\n\r\n# Start and enable the service\r\nsudo systemctl start nginx\r\nsudo systemctl enable nginx\r\n\r\n# Fix: Use echo to pipe the string into the file\r\necho \"\u003ch1\u003e This is Nginx installed by Terraform \u003c/h1\u003e\" | sudo tee /var/www/html/index.htmil\r\n",
            "user_data_base64": null,
            "user_data_replace_on_change": false,
            "volume_tags": null,
            "vpc_security_group_ids": [
              "sg-0c765d697d67858c1"
            ]
          },
          "sensitive_attributes": [],
          "identity_schema_version": 0,
          "identity": {
            "account_id": "988303390712",
            "id": "i-0a59a30684e68ba6a",
            "region": "ap-south-1"
          },
          "private": "eyJlMmJmYjczMC1lY2FhLTExZTYtOGY4OC0zNDM2M2JjN2M0YzAiOnsiY3JlYXRlIjo2MDAwMDAwMDAwMDAsImRlbGV0ZSI6MTIwMDAwMDAwMDAwMCwicmVhZCI6OTAwMDAwMDAwMDAwLCJ1cGRhdGUiOjYwMDAwMDAwMDAwMH0sInNjaGVtYV92ZXJzaW9uIjoiMiJ9",
          "dependencies": [
            "module.prod-infra.aws_default_vpc.default-vpc",
            "module.prod-infra.aws_key_pair.aws-key",
            "module.prod-infra.aws_security_group.my-security-grp"
          ]
        }
      ]
    },
    {
      "module": "module.prod-infra",
      "mode": "managed",
      "type": "aws_key_pair",
      "name": "aws-key",
      "provider": "provider[\"registry.terraform.io/hashicorp/aws\"]",
      "instances": [
        {
          "schema_version": 1,
          "attributes": {
            "arn": "arn:aws:ec2:ap-south-1:988303390712:key-pair/modular-prod-Terraform-Key",
            "fingerprint": "3b:b4:1a:6e:72:07:a1:e8:94:7c:94:d9:43:70:3b:b0",
            "id": "modular-prod-Terraform-Key",
            "key_name": "modular-prod-Terraform-Key",
            "key_name_prefix": "",
            "key_pair_id": "key-0315b037799964c04",
            "key_type": "rsa",
            "public_key": "ssh-rsa AAAAB3NzaC1yc2EAAAADAQABAAACAQCszJV2GTZcWHfxS1TNyH2qWpZ9cjXgeBcentLGZ35faakLwpE5cbnb2Rq0S5/yOrF6CaHk3AUtBuFLHbMqQKPXc9Jxf9uAL6kUn/6wdi0A/gnYOefxEe0da9JUokuF9v9bvfmMfDk3mJACPaFc2t85V7uNq6urjJOE4l4PQyJ8I7yMkTGYXtJNN8hyB1/gnFDbYwLv3IZCC1lyOWvChD0UaOkMBa4tbyv4cy7IwMSeKgs2jo9ONXzCBmOOG+JQOGUPcpQrtPVIxhGv8+ZkhJVO4C+XPZXukJ1A5vZ1+bWWbmZq+NRWygTtgFqWDlFYHexKBvdTDGs5QgixTpjFJ8W7tyfjuumZ9xnXRItCJNAPBdBsBbklLNWo2qR8MTsRkviJ0Aa5Qvt21JqDAXBP9/BNYBmvSkJuto9B2CYvdWssiKRX/GaBXshc05rmuOv0NN5RcO313n8DJQ4weLwP4GkgtKc8HwOB3yaB1WVDTF2rE8Sl6Az5OUJID2zZqqe3NW8e87sQFrAz9VZ3XsZ7kwp9elop6gVePPIw/fZOttV7EYBapc9Rpyqh4WihtABuBjAPyaS4X37ZjvqWoFL74H6NeUvUnaeZuXnzn4rTrrnOxct2CmheMGztFcoGVShf5AkQmX7bfzw/j5sgw5N61nHreZR7J+U0K62wA1jCteQxxQ== lenovo@DESKTOP-8P2ETOM",
            "region": "ap-south-1",
            "tags": {
              "Environment": "prod",
              "Name": "modular-prod-Terraform-Key"
            },
            "tags_all": {
              "Environment": "prod",
              "Name": "modular-prod-Terraform-Key"
            }
          },
          "sensitive_attributes": [],
          "identity_schema_version": 0,
          "private": "eyJzY2hlbWFfdmVyc2lvbiI6IjEifQ=="
        }
      ]
    },
    {
      "module": "module.prod-infra",
      "mode": "managed",
      "type": "aws_s3_bucket",
      "name": "my_bucket",
      "provider": "provider[\"registry.terraform.io/hashicorp/aws\"]",
      "instances": [
        {
          "schema_version": 0,
          "attributes": {
            "acceleration_status": "",
            "acl": null,
            "arn": "arn:aws:s3:::prod-988303390712-terraform-bucket",
            "bucket": "prod-988303390712-terraform-bucket",
            "bucket_domain_name": "prod-988303390712-terraform-bucket.s3.amazonaws.com",
            "bucket_namespace": "global",
            "bucket_prefix": "",
            "bucket_region": "ap-south-1",
            "bucket_regional_domain_name": "prod-988303390712-terraform-bucket.s3.ap-south-1.amazonaws.com",
            "cors_rule": [],
            "force_destroy": false,
            "grant": [
              {
                "id": "610d9decfac395bd79996e605b0177b2d3e4b9b9987e80cdc8e33e7cc4d711f2",
                "permissions": [
                  "FULL_CONTROL"
                ],
                "type": "CanonicalUser",
                "uri": ""
              }
            ],
            "hosted_zone_id": "Z11RGJOFQNVJUP",
            "id": "prod-988303390712-terraform-bucket",
            "lifecycle_rule": [],
            "logging": [],
            "object_lock_configuration": [],
            "object_lock_enabled": false,
            "policy": "",
            "region": "ap-south-1",
            "replication_configuration": [],
            "request_payer": "BucketOwner",
            "server_side_encryption_configuration": [
              {
                "rule": [
                  {
                    "apply_server_side_encryption_by_default": [
                      {
                        "kms_master_key_id": "",
                        "sse_algorithm": "AES256"
                      }
                    ],
                    "bucket_key_enabled": false
                  }
                ]
              }
            ],
            "tags": {
              "Environment": "prod",
              "bucket": "prod-prod-terraform-bucket"
            },
            "tags_all": {
              "Environment": "prod",
              "bucket": "prod-prod-terraform-bucket"
            },
            "timeouts": null,
            "versioning": [
              {
                "enabled": false,
                "mfa_delete": false
              }
            ],
            "website": [],
            "website_domain": null,
            "website_endpoint": null
          },
          "sensitive_attributes": [],
          "identity_schema_version": 0,
          "identity": {
            "account_id": "988303390712",
            "bucket": "prod-988303390712-terraform-bucket",
            "region": "ap-south-1"
          },
          "private": "eyJlMmJmYjczMC1lY2FhLTExZTYtOGY4OC0zNDM2M2JjN2M0YzAiOnsiY3JlYXRlIjoxMjAwMDAwMDAwMDAwLCJkZWxldGUiOjM2MDAwMDAwMDAwMDAsInJlYWQiOjEyMDAwMDAwMDAwMDAsInVwZGF0ZSI6MTIwMDAwMDAwMDAwMH19",
          "dependencies": [
            "module.prod-infra.data.aws_caller_identity.current"
          ]
        }
      ]
    },
    {
      "module": "module.prod-infra",
      "mode": "managed",
      "type": "aws_security_group",
      "name": "my-security-grp",
      "provider": "provider[\"registry.terraform.io/hashicorp/aws\"]",
      "instances": [
        {
          "schema_version": 1,
          "attributes": {
            "arn": "arn:aws:ec2:ap-south-1:988303390712:security-group/sg-0c765d697d67858c1",
            "description": "This is Auto-Generated security group",
            "egress": [
              {
                "cidr_blocks": [
                  "0.0.0.0/0"
                ],
                "description": "",
                "from_port": 0,
                "ipv6_cidr_blocks": [],
                "prefix_list_ids": [],
                "protocol": "-1",
                "security_groups": [],
                "self": false,
                "to_port": 0
              }
            ],
            "id": "sg-0c765d697d67858c1",
            "ingress": [
              {
                "cidr_blocks": [
                  "0.0.0.0/0"
                ],
                "description": "This is Extra Port.",
                "from_port": 8000,
                "ipv6_cidr_blocks": [],
                "prefix_list_ids": [],
                "protocol": "tcp",
                "security_groups": [],
                "self": false,
                "to_port": 8000
              },
              {
                "cidr_blocks": [
                  "0.0.0.0/0"
                ],
                "description": "This is HTTP Port.",
                "from_port": 80,
                "ipv6_cidr_blocks": [],
                "prefix_list_ids": [],
                "protocol": "tcp",
                "security_groups": [],
                "self": false,
                "to_port": 80
              },
              {
                "cidr_blocks": [
                  "0.0.0.0/0"
                ],
                "description": "This is SSh Port.",
                "from_port": 22,
                "ipv6_cidr_blocks": [],
                "prefix_list_ids": [],
                "protocol": "tcp",
                "security_groups": [],
                "self": false,
                "to_port": 22
              }
            ],
            "name": "modular-prod-Terra_security_grp",
            "name_prefix": "",
            "owner_id": "988303390712",
            "region": "ap-south-1",
            "revoke_rules_on_delete": false,
            "tags": {
              "Environment": "prod",
              "Name": "modular-prod-Terra_security_grp"
            },
            "tags_all": {
              "Environment": "prod",
              "Name": "modular-prod-Terra_security_grp"
            },
            "timeouts": null,
            "vpc_id": "vpc-0f658da3a4aee0864"
          },
          "sensitive_attributes": [],
          "identity_schema_version": 0,
          "identity": {
            "account_id": "988303390712",
            "id": "sg-0c765d697d67858c1",
            "region": "ap-south-1"
          },
          "private": "eyJlMmJmYjczMC1lY2FhLTExZTYtOGY4OC0zNDM2M2JjN2M0YzAiOnsiY3JlYXRlIjo2MDAwMDAwMDAwMDAsImRlbGV0ZSI6OTAwMDAwMDAwMDAwfSwic2NoZW1hX3ZlcnNpb24iOiIxIn0=",
          "dependencies": [
            "module.prod-infra.aws_default_vpc.default-vpc"
          ]
        }
      ]
    },
    {
      "module": "module.stag-infra",
      "mode": "data",
      "type": "aws_caller_identity",
      "name": "current",
      "provider": "provider[\"registry.terraform.io/hashicorp/aws\"]",
      "instances": [
        {
          "schema_version": 0,
          "attributes": {
            "account_id": "988303390712",
            "arn": "arn:aws:iam::988303390712:user/TerraAdmin",
            "id": "988303390712",
            "user_id": "AIDA6MG3Y674GBPBMX3NF"
          },
          "sensitive_attributes": [],
          "identity_schema_version": 0
        }
      ]
    },
    {
      "module": "module.stag-infra",
      "mode": "managed",
      "type": "aws_default_vpc",
      "name": "default-vpc",
      "provider": "provider[\"registry.terraform.io/hashicorp/aws\"]",
      "instances": [
        {
          "schema_version": 1,
          "attributes": {
            "arn": "arn:aws:ec2:ap-south-1:988303390712:vpc/vpc-0f658da3a4aee0864",
            "assign_generated_ipv6_cidr_block": false,
            "cidr_block": "172.31.0.0/16",
            "default_network_acl_id": "acl-0ccb5bc2929133866",
            "default_route_table_id": "rtb-01ceaeabdaa31039d",
            "default_security_group_id": "sg-0b4bb285a7973c7d4",
            "dhcp_options_id": "dopt-0a3ecc657629d9dd6",
            "enable_dns_hostnames": true,
            "enable_dns_support": true,
            "enable_network_address_usage_metrics": false,
            "existing_default_vpc": true,
            "force_destroy": false,
            "id": "vpc-0f658da3a4aee0864",
            "instance_tenancy": "default",
            "ipv6_association_id": "",
            "ipv6_cidr_block": "",
            "ipv6_cidr_block_network_border_group": "",
            "ipv6_ipam_pool_id": "",
            "ipv6_netmask_length": 0,
            "main_route_table_id": "rtb-01ceaeabdaa31039d",
            "owner_id": "988303390712",
            "region": "ap-south-1",
            "tags": {},
            "tags_all": {}
          },
          "sensitive_attributes": [],
          "identity_schema_version": 0,
          "private": "eyJzY2hlbWFfdmVyc2lvbiI6IjEifQ=="
        }
      ]
    },
    {
      "module": "module.stag-infra",
      "mode": "managed",
      "type": "aws_instance",
      "name": "my_instance",
      "provider": "provider[\"registry.terraform.io/hashicorp/aws\"]",
      "instances": [
        {
          "index_key": 0,
          "schema_version": 2,
          "attributes": {
            "ami": "ami-045443a70fafb8bbc",
            "arn": "arn:aws:ec2:ap-south-1:988303390712:instance/i-05f8ec6c3c788b27b",
            "associate_public_ip_address": true,
            "availability_zone": "ap-south-1b",
            "capacity_reservation_specification": [
              {
                "capacity_reservation_preference": "open",
                "capacity_reservation_target": []
              }
            ],
            "cpu_options": [
              {
                "amd_sev_snp": "",
                "core_count": 1,
                "nested_virtualization": "",
                "threads_per_core": 2
              }
            ],
            "credit_specification": [
              {
                "cpu_credits": "unlimited"
              }
            ],
            "disable_api_stop": false,
            "disable_api_termination": false,
            "ebs_block_device": [],
            "ebs_optimized": false,
            "enable_primary_ipv6": null,
            "enclave_options": [
              {
                "enabled": false
              }
            ],
            "ephemeral_block_device": [],
            "force_destroy": false,
            "get_password_data": false,
            "hibernation": false,
            "host_id": "",
            "host_resource_group_arn": null,
            "iam_instance_profile": "",
            "id": "i-05f8ec6c3c788b27b",
            "instance_initiated_shutdown_behavior": "stop",
            "instance_lifecycle": "",
            "instance_market_options": [],
            "instance_state": "running",
            "instance_type": "t3.micro",
            "ipv6_address_count": 0,
            "ipv6_addresses": [],
            "key_name": "modular-stag-Terraform-Key",
            "launch_template": [],
            "maintenance_options": [
              {
                "auto_recovery": "default"
              }
            ],
            "metadata_options": [
              {
                "http_endpoint": "enabled",
                "http_protocol_ipv6": "disabled",
                "http_put_response_hop_limit": 2,
                "http_tokens": "required",
                "instance_metadata_tags": "disabled"
              }
            ],
            "monitoring": false,
            "network_interface": [],
            "outpost_arn": "",
            "password_data": "",
            "placement_group": "",
            "placement_group_id": "",
            "placement_partition_number": 0,
            "primary_network_interface": [
              {
                "delete_on_termination": true,
                "network_interface_id": "eni-0a4e461c686ae2c0c"
              }
            ],
            "primary_network_interface_id": "eni-0a4e461c686ae2c0c",
            "private_dns": "ip-172-31-14-52.ap-south-1.compute.internal",
            "private_dns_name_options": [
              {
                "enable_resource_name_dns_a_record": false,
                "enable_resource_name_dns_aaaa_record": false,
                "hostname_type": "ip-name"
              }
            ],
            "private_ip": "172.31.14.52",
            "public_dns": "ec2-13-233-192-43.ap-south-1.compute.amazonaws.com",
            "public_ip": "13.233.192.43",
            "region": "ap-south-1",
            "root_block_device": [
              {
                "delete_on_termination": true,
                "device_name": "/dev/xvda",
                "encrypted": false,
                "iops": 3000,
                "kms_key_id": "",
                "tags": {},
                "tags_all": {},
                "throughput": 125,
                "volume_id": "vol-0f7e51b0c2892fae3",
                "volume_size": 10,
                "volume_type": "gp3"
              }
            ],
            "secondary_network_interface": [],
            "secondary_private_ips": [],
            "security_groups": [
              "modular-stag-Terra_security_grp"
            ],
            "source_dest_check": true,
            "spot_instance_request_id": "",
            "subnet_id": "subnet-0c82e4eedeb3be62a",
            "tags": {
              "Environment": "stag",
              "Name": "modular-stag-Terra-Created-Instance"
            },
            "tags_all": {
              "Environment": "stag",
              "Name": "modular-stag-Terra-Created-Instance"
            },
            "tenancy": "default",
            "timeouts": null,
            "user_data": "#!/bin/bash\r\n# Update and install Nginx\r\nsudo apt-get update -y\r\nsudo apt-get install nginx -y\r\n\r\n# Start and enable the service\r\nsudo systemctl start nginx\r\nsudo systemctl enable nginx\r\n\r\n# Fix: Use echo to pipe the string into the file\r\necho \"\u003ch1\u003e This is Nginx installed by Terraform \u003c/h1\u003e\" | sudo tee /var/www/html/index.htmil\r\n",
            "user_data_base64": null,
            "user_data_replace_on_change": false,
            "volume_tags": null,
            "vpc_security_group_ids": [
              "sg-0c684d7ce8d567762"
            ]
          },
          "sensitive_attributes": [],
          "identity_schema_version": 0,
          "identity": {
            "account_id": "988303390712",
            "id": "i-05f8ec6c3c788b27b",
            "region": "ap-south-1"
          },
          "private": "eyJlMmJmYjczMC1lY2FhLTExZTYtOGY4OC0zNDM2M2JjN2M0YzAiOnsiY3JlYXRlIjo2MDAwMDAwMDAwMDAsImRlbGV0ZSI6MTIwMDAwMDAwMDAwMCwicmVhZCI6OTAwMDAwMDAwMDAwLCJ1cGRhdGUiOjYwMDAwMDAwMDAwMH0sInNjaGVtYV92ZXJzaW9uIjoiMiJ9",
          "dependencies": [
            "module.stag-infra.aws_default_vpc.default-vpc",
            "module.stag-infra.aws_key_pair.aws-key",
            "module.stag-infra.aws_security_group.my-security-grp"
          ]
        }
      ]
    },
    {
      "module": "module.stag-infra",
      "mode": "managed",
      "type": "aws_key_pair",
      "name": "aws-key",
      "provider": "provider[\"registry.terraform.io/hashicorp/aws\"]",
      "instances": [
        {
          "schema_version": 1,
          "attributes": {
            "arn": "arn:aws:ec2:ap-south-1:988303390712:key-pair/modular-stag-Terraform-Key",
            "fingerprint": "3b:b4:1a:6e:72:07:a1:e8:94:7c:94:d9:43:70:3b:b0",
            "id": "modular-stag-Terraform-Key",
            "key_name": "modular-stag-Terraform-Key",
            "key_name_prefix": "",
            "key_pair_id": "key-0f66d743029ccd74c",
            "key_type": "rsa",
            "public_key": "ssh-rsa AAAAB3NzaC1yc2EAAAADAQABAAACAQCszJV2GTZcWHfxS1TNyH2qWpZ9cjXgeBcentLGZ35faakLwpE5cbnb2Rq0S5/yOrF6CaHk3AUtBuFLHbMqQKPXc9Jxf9uAL6kUn/6wdi0A/gnYOefxEe0da9JUokuF9v9bvfmMfDk3mJACPaFc2t85V7uNq6urjJOE4l4PQyJ8I7yMkTGYXtJNN8hyB1/gnFDbYwLv3IZCC1lyOWvChD0UaOkMBa4tbyv4cy7IwMSeKgs2jo9ONXzCBmOOG+JQOGUPcpQrtPVIxhGv8+ZkhJVO4C+XPZXukJ1A5vZ1+bWWbmZq+NRWygTtgFqWDlFYHexKBvdTDGs5QgixTpjFJ8W7tyfjuumZ9xnXRItCJNAPBdBsBbklLNWo2qR8MTsRkviJ0Aa5Qvt21JqDAXBP9/BNYBmvSkJuto9B2CYvdWssiKRX/GaBXshc05rmuOv0NN5RcO313n8DJQ4weLwP4GkgtKc8HwOB3yaB1WVDTF2rE8Sl6Az5OUJID2zZqqe3NW8e87sQFrAz9VZ3XsZ7kwp9elop6gVePPIw/fZOttV7EYBapc9Rpyqh4WihtABuBjAPyaS4X37ZjvqWoFL74H6NeUvUnaeZuXnzn4rTrrnOxct2CmheMGztFcoGVShf5AkQmX7bfzw/j5sgw5N61nHreZR7J+U0K62wA1jCteQxxQ== lenovo@DESKTOP-8P2ETOM",
            "region": "ap-south-1",
            "tags": {
              "Environment": "stag",
              "Name": "modular-stag-Terraform-Key"
            },
            "tags_all": {
              "Environment": "stag",
              "Name": "modular-stag-Terraform-Key"
            }
          },
          "sensitive_attributes": [],
          "identity_schema_version": 0,
          "private": "eyJzY2hlbWFfdmVyc2lvbiI6IjEifQ=="
        }
      ]
    },
    {
      "module": "module.stag-infra",
      "mode": "managed",
      "type": "aws_s3_bucket",
      "name": "my_bucket",
      "provider": "provider[\"registry.terraform.io/hashicorp/aws\"]",
      "instances": [
        {
          "schema_version": 0,
          "attributes": {
            "acceleration_status": "",
            "acl": null,
            "arn": "arn:aws:s3:::stag-988303390712-terraform-bucket",
            "bucket": "stag-988303390712-terraform-bucket",
            "bucket_domain_name": "stag-988303390712-terraform-bucket.s3.amazonaws.com",
            "bucket_namespace": "global",
            "bucket_prefix": "",
            "bucket_region": "ap-south-1",
            "bucket_regional_domain_name": "stag-988303390712-terraform-bucket.s3.ap-south-1.amazonaws.com",
            "cors_rule": [],
            "force_destroy": false,
            "grant": [
              {
                "id": "610d9decfac395bd79996e605b0177b2d3e4b9b9987e80cdc8e33e7cc4d711f2",
                "permissions": [
                  "FULL_CONTROL"
                ],
                "type": "CanonicalUser",
                "uri": ""
              }
            ],
            "hosted_zone_id": "Z11RGJOFQNVJUP",
            "id": "stag-988303390712-terraform-bucket",
            "lifecycle_rule": [],
            "logging": [],
            "object_lock_configuration": [],
            "object_lock_enabled": false,
            "policy": "",
            "region": "ap-south-1",
            "replication_configuration": [],
            "request_payer": "BucketOwner",
            "server_side_encryption_configuration": [
              {
                "rule": [
                  {
                    "apply_server_side_encryption_by_default": [
                      {
                        "kms_master_key_id": "",
                        "sse_algorithm": "AES256"
                      }
                    ],
                    "bucket_key_enabled": false
                  }
                ]
              }
            ],
            "tags": {
              "Environment": "stag",
              "bucket": "stag-stag-terraform-bucket"
            },
            "tags_all": {
              "Environment": "stag",
              "bucket": "stag-stag-terraform-bucket"
            },
            "timeouts": null,
            "versioning": [
              {
                "enabled": false,
                "mfa_delete": false
              }
            ],
            "website": [],
            "website_domain": null,
            "website_endpoint": null
          },
          "sensitive_attributes": [],
          "identity_schema_version": 0,
          "identity": {
            "account_id": "988303390712",
            "bucket": "stag-988303390712-terraform-bucket",
            "region": "ap-south-1"
          },
          "private": "eyJlMmJmYjczMC1lY2FhLTExZTYtOGY4OC0zNDM2M2JjN2M0YzAiOnsiY3JlYXRlIjoxMjAwMDAwMDAwMDAwLCJkZWxldGUiOjM2MDAwMDAwMDAwMDAsInJlYWQiOjEyMDAwMDAwMDAwMDAsInVwZGF0ZSI6MTIwMDAwMDAwMDAwMH19",
          "dependencies": [
            "module.stag-infra.data.aws_caller_identity.current"
          ]
        }
      ]
    },
    {
      "module": "module.stag-infra",
      "mode": "managed",
      "type": "aws_security_group",
      "name": "my-security-grp",
      "provider": "provider[\"registry.terraform.io/hashicorp/aws\"]",
      "instances": [
        {
          "schema_version": 1,
          "attributes": {
            "arn": "arn:aws:ec2:ap-south-1:988303390712:security-group/sg-0c684d7ce8d567762",
            "description": "This is Auto-Generated security group",
            "egress": [
              {
                "cidr_blocks": [
                  "0.0.0.0/0"
                ],
                "description": "",
                "from_port": 0,
                "ipv6_cidr_blocks": [],
                "prefix_list_ids": [],
                "protocol": "-1",
                "security_groups": [],
                "self": false,
                "to_port": 0
              }
            ],
            "id": "sg-0c684d7ce8d567762",
            "ingress": [
              {
                "cidr_blocks": [
                  "0.0.0.0/0"
                ],
                "description": "This is Extra Port.",
                "from_port": 8000,
                "ipv6_cidr_blocks": [],
                "prefix_list_ids": [],
                "protocol": "tcp",
                "security_groups": [],
                "self": false,
                "to_port": 8000
              },
              {
                "cidr_blocks": [
                  "0.0.0.0/0"
                ],
                "description": "This is HTTP Port.",
                "from_port": 80,
                "ipv6_cidr_blocks": [],
                "prefix_list_ids": [],
                "protocol": "tcp",
                "security_groups": [],
                "self": false,
                "to_port": 80
              },
              {
                "cidr_blocks": [
                  "0.0.0.0/0"
                ],
                "description": "This is SSh Port.",
                "from_port": 22,
                "ipv6_cidr_blocks": [],
                "prefix_list_ids": [],
                "protocol": "tcp",
                "security_groups": [],
                "self": false,
                "to_port": 22
              }
            ],
            "name": "modular-stag-Terra_security_grp",
            "name_prefix": "",
            "owner_id": "988303390712",
            "region": "ap-south-1",
            "revoke_rules_on_delete": false,
            "tags": {
              "Environment": "stag",
              "Name": "modular-stag-Terra_security_grp"
            },
            "tags_all": {
              "Environment": "stag",
              "Name": "modular-stag-Terra_security_grp"
            },
            "timeouts": null,
            "vpc_id": "vpc-0f658da3a4aee0864"
          },
          "sensitive_attributes": [],
          "identity_schema_version": 0,
          "identity": {
            "account_id": "988303390712",
            "id": "sg-0c684d7ce8d567762",
            "region": "ap-south-1"
          },
          "private": "eyJlMmJmYjczMC1lY2FhLTExZTYtOGY4OC0zNDM2M2JjN2M0YzAiOnsiY3JlYXRlIjo2MDAwMDAwMDAwMDAsImRlbGV0ZSI6OTAwMDAwMDAwMDAwfSwic2NoZW1hX3ZlcnNpb24iOiIxIn0=",
          "dependencies": [
            "module.stag-infra.aws_default_vpc.default-vpc"
          ]
        }
      ]
    }
  ],
  "check_results": null
}
